
Microsoft Visual Studio Solution File, Format Version 12.00
# Visual Studio 2012
Project("{FAE04EC0-301F-11D3-BF4B-00C04F79EFBC}") = "WorldDomination.Web.SampleApplication", "Code\WorldDomination.Web.SampleApplication\WorldDomination.Web.SampleApplication.csproj", "{B961C9D3-1014-4284-A015-D0C8B9B6D98D}"
EndProject
Project("{FAE04EC0-301F-11D3-BF4B-00C04F79EFBC}") = "WorldDomination.Tests", "Code\WorldDomination.Tests\WorldDomination.Tests.csproj", "{AD93061D-30B1-4F17-A016-4DEDA749ED84}"
EndProject
Project("{FAE04EC0-301F-11D3-BF4B-00C04F79EFBC}") = "WorldDomination.Web.Mvc", "Code\WorldDomination.Web.Mvc\WorldDomination.Web.Mvc.csproj", "{B4A3A345-5699-45B9-BF06-46D56BF41ADA}"
EndProject
Global
	GlobalSection(SolutionConfigurationPlatforms) = preSolution
		Debug|Any CPU = Debug|Any CPU
		Debug|Mixed Platforms = Debug|Mixed Platforms
		Release|Any CPU = Release|Any CPU
		Release|Mixed Platforms = Release|Mixed Platforms
	EndGlobalSection
	GlobalSection(ProjectConfigurationPlatforms) = postSolution
		{B961C9D3-1014-4284-A015-D0C8B9B6D98D}.Debug|Any CPU.ActiveCfg = Debug|Any CPU
		{B961C9D3-1014-4284-A015-D0C8B9B6D98D}.Debug|Any CPU.Build.0 = Debug|Any CPU
		{B961C9D3-1014-4284-A015-D0C8B9B6D98D}.Debug|Mixed Platforms.ActiveCfg = Debug|Any CPU
		{B961C9D3-1014-4284-A015-D0C8B9B6D98D}.Debug|Mixed Platforms.Build.0 = Debug|Any CPU
		{B961C9D3-1014-4284-A015-D0C8B9B6D98D}.Release|Any CPU.ActiveCfg = Release|Any CPU
		{B961C9D3-1014-4284-A015-D0C8B9B6D98D}.Release|Any CPU.Build.0 = Release|Any CPU
		{B961C9D3-1014-4284-A015-D0C8B9B6D98D}.Release|Mixed Platforms.ActiveCfg = Release|Any CPU
		{B961C9D3-1014-4284-A015-D0C8B9B6D98D}.Release|Mixed Platforms.Build.0 = Release|Any CPU
		{AD93061D-30B1-4F17-A016-4DEDA749ED84}.Debug|Any CPU.ActiveCfg = Debug|x86
		{AD93061D-30B1-4F17-A016-4DEDA749ED84}.Debug|Any CPU.Build.0 = Debug|x86
		{AD93061D-30B1-4F17-A016-4DEDA749ED84}.Debug|Mixed Platforms.ActiveCfg = Debug|x86
		{AD93061D-30B1-4F17-A016-4DEDA749ED84}.Debug|Mixed Platforms.Build.0 = Debug|x86
		{AD93061D-30B1-4F17-A016-4DEDA749ED84}.Release|Any CPU.ActiveCfg = Release|x86
		{AD93061D-30B1-4F17-A016-4DEDA749ED84}.Release|Any CPU.Build.0 = Release|x86
		{AD93061D-30B1-4F17-A016-4DEDA749ED84}.Release|Mixed Platforms.ActiveCfg = Release|x86
		{AD93061D-30B1-4F17-A016-4DEDA749ED84}.Release|Mixed Platforms.Build.0 = Release|x86
		{B4A3A345-5699-45B9-BF06-46D56BF41ADA}.Debug|Any CPU.ActiveCfg = Debug|Any CPU
		{B4A3A345-5699-45B9-BF06-46D56BF41ADA}.Debug|Any CPU.Build.0 = Debug|Any CPU
		{B4A3A345-5699-45B9-BF06-46D56BF41ADA}.Debug|Mixed Platforms.ActiveCfg = Debug|Any CPU
		{B4A3A345-5699-45B9-BF06-46D56BF41ADA}.Debug|Mixed Platforms.Build.0 = Debug|Any CPU
		{B4A3A345-5699-45B9-BF06-46D56BF41ADA}.Release|Any CPU.ActiveCfg = Release|Any CPU
		{B4A3A345-5699-45B9-BF06-46D56BF41ADA}.Release|Any CPU.Build.0 = Release|Any CPU
		{B4A3A345-5699-45B9-BF06-46D56BF41ADA}.Release|Mixed Platforms.ActiveCfg = Release|Any CPU
		{B4A3A345-5699-45B9-BF06-46D56BF41ADA}.Release|Mixed Platforms.Build.0 = Release|Any CPU
	EndGlobalSection
	GlobalSection(SolutionProperties) = preSolution
		HideSolutionNode = FALSE
	EndGlobalSection
EndGlobal
